// !$*UTF8*$!
{
	archiveVersion = 1;
	classes = {
	};
	objectVersion = 46;
	objects = {

/* Begin PBXBuildFile section */
		81E375A91D756F9D00E4B68F /* main.m in Sources */ = {isa = PBXBuildFile; fileRef = 81E375A81D756F9D00E4B68F /* main.m */; };
		81E375AC1D756F9D00E4B68F /* AppDelegate.m in Sources */ = {isa = PBXBuildFile; fileRef = 81E375AB1D756F9D00E4B68F /* AppDelegate.m */; };
		81E375AF1D756F9D00E4B68F /* ViewController.m in Sources */ = {isa = PBXBuildFile; fileRef = 81E375AE1D756F9D00E4B68F /* ViewController.m */; };
		81E375B21D756F9D00E4B68F /* Main.storyboard in Resources */ = {isa = PBXBuildFile; fileRef = 81E375B01D756F9D00E4B68F /* Main.storyboard */; };
		81E375B41D756F9D00E4B68F /* Assets.xcassets in Resources */ = {isa = PBXBuildFile; fileRef = 81E375B31D756F9D00E4B68F /* Assets.xcassets */; };
		81E375B71D756F9D00E4B68F /* LaunchScreen.storyboard in Resources */ = {isa = PBXBuildFile; fileRef = 81E375B51D756F9D00E4B68F /* LaunchScreen.storyboard */; };
		81E375C11D756FCB00E4B68F /* ItemInShop.m in Sources */ = {isa = PBXBuildFile; fileRef = 81E375C01D756FCB00E4B68F /* ItemInShop.m */; };
		81E375C41D7571CD00E4B68F /* ShopWarehouse.m in Sources */ = {isa = PBXBuildFile; fileRef = 81E375C31D7571CD00E4B68F /* ShopWarehouse.m */; };
		81E375CA1D75739A00E4B68F /* BasicEnumerator.m in Sources */ = {isa = PBXBuildFile; fileRef = 81E375C91D75739A00E4B68F /* BasicEnumerator.m */; };
		81E375CD1D7574F900E4B68F /* BadItemsEnumerator.m in Sources */ = {isa = PBXBuildFile; fileRef = 81E375CC1D7574F900E4B68F /* BadItemsEnumerator.m */; };
		81E375D01D7578AD00E4B68F /* GoodItemsEnumerator.m in Sources */ = {isa = PBXBuildFile; fileRef = 81E375CF1D7578AD00E4B68F /* GoodItemsEnumerator.m */; };
		81E375D51D75BFF000E4B68F /* CollectionIterator.m in Sources */ = {isa = PBXBuildFile; fileRef = 81E375D41D75BFF000E4B68F /* CollectionIterator.m */; };
		81E375DD1D75D11F00E4B68F /* ShopWarehouse+ShopWarehouseCollection.m in Sources */ = {isa = PBXBuildFile; fileRef = 81E375DC1D75D11F00E4B68F /* ShopWarehouse+ShopWarehouseCollection.m */; };
/* End PBXBuildFile section */

/* Begin PBXFileReference section */
		81E375A41D756F9D00E4B68F /* iterator_pattern.app */ = {isa = PBXFileReference; explicitFileType = wrapper.application; includeInIndex = 0; path = iterator_pattern.app; sourceTree = BUILT_PRODUCTS_DIR; };
		81E375A81D756F9D00E4B68F /* main.m */ = {isa = PBXFileReference; lastKnownFileType = sourcecode.c.objc; path = main.m; sourceTree = "<group>"; };
		81E375AA1D756F9D00E4B68F /* AppDelegate.h */ = {isa = PBXFileReference; lastKnownFileType = sourcecode.c.h; path = AppDelegate.h; sourceTree = "<group>"; };
		81E375AB1D756F9D00E4B68F /* AppDelegate.m */ = {isa = PBXFileReference; lastKnownFileType = sourcecode.c.objc; path = AppDelegate.m; sourceTree = "<group>"; };
		81E375AD1D756F9D00E4B68F /* ViewController.h */ = {isa = PBXFileReference; lastKnownFileType = sourcecode.c.h; path = ViewController.h; sourceTree = "<group>"; };
		81E375AE1D756F9D00E4B68F /* ViewController.m */ = {isa = PBXFileReference; lastKnownFileType = sourcecode.c.objc; path = ViewController.m; sourceTree = "<group>"; };
		81E375B11D756F9D00E4B68F /* Base */ = {isa = PBXFileReference; lastKnownFileType = file.storyboard; name = Base; path = Base.lproj/Main.storyboard; sourceTree = "<group>"; };
		81E375B31D756F9D00E4B68F /* Assets.xcassets */ = {isa = PBXFileReference; lastKnownFileType = folder.assetcatalog; path = Assets.xcassets; sourceTree = "<group>"; };
		81E375B61D756F9D00E4B68F /* Base */ = {isa = PBXFileReference; lastKnownFileType = file.storyboard; name = Base; path = Base.lproj/LaunchScreen.storyboard; sourceTree = "<group>"; };
		81E375B81D756F9D00E4B68F /* Info.plist */ = {isa = PBXFileReference; lastKnownFileType = text.plist.xml; path = Info.plist; sourceTree = "<group>"; };
		81E375BF1D756FCB00E4B68F /* ItemInShop.h */ = {isa = PBXFileReference; fileEncoding = 4; lastKnownFileType = sourcecode.c.h; path = ItemInShop.h; sourceTree = "<group>"; };
		81E375C01D756FCB00E4B68F /* ItemInShop.m */ = {isa = PBXFileReference; fileEncoding = 4; lastKnownFileType = sourcecode.c.objc; path = ItemInShop.m; sourceTree = "<group>"; };
		81E375C21D7571CD00E4B68F /* ShopWarehouse.h */ = {isa = PBXFileReference; fileEncoding = 4; lastKnownFileType = sourcecode.c.h; path = ShopWarehouse.h; sourceTree = "<group>"; };
		81E375C31D7571CD00E4B68F /* ShopWarehouse.m */ = {isa = PBXFileReference; fileEncoding = 4; lastKnownFileType = sourcecode.c.objc; path = ShopWarehouse.m; sourceTree = "<group>"; };
		81E375C81D75739A00E4B68F /* BasicEnumerator.h */ = {isa = PBXFileReference; fileEncoding = 4; lastKnownFileType = sourcecode.c.h; path = BasicEnumerator.h; sourceTree = "<group>"; };
		81E375C91D75739A00E4B68F /* BasicEnumerator.m */ = {isa = PBXFileReference; fileEncoding = 4; lastKnownFileType = sourcecode.c.objc; path = BasicEnumerator.m; sourceTree = "<group>"; };
		81E375CB1D7574F900E4B68F /* BadItemsEnumerator.h */ = {isa = PBXFileReference; fileEncoding = 4; lastKnownFileType = sourcecode.c.h; path = BadItemsEnumerator.h; sourceTree = "<group>"; };
		81E375CC1D7574F900E4B68F /* BadItemsEnumerator.m */ = {isa = PBXFileReference; fileEncoding = 4; lastKnownFileType = sourcecode.c.objc; path = BadItemsEnumerator.m; sourceTree = "<group>"; };
		81E375CE1D7578AD00E4B68F /* GoodItemsEnumerator.h */ = {isa = PBXFileReference; fileEncoding = 4; lastKnownFileType = sourcecode.c.h; path = GoodItemsEnumerator.h; sourceTree = "<group>"; };
		81E375CF1D7578AD00E4B68F /* GoodItemsEnumerator.m */ = {isa = PBXFileReference; fileEncoding = 4; lastKnownFileType = sourcecode.c.objc; path = GoodItemsEnumerator.m; sourceTree = "<group>"; };
		81E375D31D75BFF000E4B68F /* CollectionIterator.h */ = {isa = PBXFileReference; fileEncoding = 4; lastKnownFileType = sourcecode.c.h; path = CollectionIterator.h; sourceTree = "<group>"; };
		81E375D41D75BFF000E4B68F /* CollectionIterator.m */ = {isa = PBXFileReference; fileEncoding = 4; lastKnownFileType = sourcecode.c.objc; path = CollectionIterator.m; sourceTree = "<group>"; };
		81E375DB1D75D11F00E4B68F /* ShopWarehouse+ShopWarehouseCollection.h */ = {isa = PBXFileReference; fileEncoding = 4; lastKnownFileType = sourcecode.c.h; path = "ShopWarehouse+ShopWarehouseCollection.h"; sourceTree = "<group>"; };
		81E375DC1D75D11F00E4B68F /* ShopWarehouse+ShopWarehouseCollection.m */ = {isa = PBXFileReference; fileEncoding = 4; lastKnownFileType = sourcecode.c.objc; path = "ShopWarehouse+ShopWarehouseCollection.m"; sourceTree = "<group>"; };
/* End PBXFileReference section */

/* Begin PBXFrameworksBuildPhase section */
		81E375A11D756F9D00E4B68F /* Frameworks */ = {
			isa = PBXFrameworksBuildPhase;
			buildActionMask = 2147483647;
			files = (
			);
			runOnlyForDeploymentPostprocessing = 0;
		};
/* End PBXFrameworksBuildPhase section */

/* Begin PBXGroup section */
		81E3759B1D756F9D00E4B68F = {
			isa = PBXGroup;
			children = (
				81E375A61D756F9D00E4B68F /* iterator_pattern */,
				81E375A51D756F9D00E4B68F /* Products */,
			);
			sourceTree = "<group>";
		};
		81E375A51D756F9D00E4B68F /* Products */ = {
			isa = PBXGroup;
			children = (
				81E375A41D756F9D00E4B68F /* iterator_pattern.app */,
			);
			name = Products;
			sourceTree = "<group>";
		};
		81E375A61D756F9D00E4B68F /* iterator_pattern */ = {
			isa = PBXGroup;
			children = (
				81E375BE1D756FA800E4B68F /* Model */,
				81E375AA1D756F9D00E4B68F /* AppDelegate.h */,
				81E375AB1D756F9D00E4B68F /* AppDelegate.m */,
				81E375AD1D756F9D00E4B68F /* ViewController.h */,
				81E375AE1D756F9D00E4B68F /* ViewController.m */,
				81E375B01D756F9D00E4B68F /* Main.storyboard */,
				81E375B31D756F9D00E4B68F /* Assets.xcassets */,
				81E375B51D756F9D00E4B68F /* LaunchScreen.storyboard */,
				81E375B81D756F9D00E4B68F /* Info.plist */,
				81E375A71D756F9D00E4B68F /* Supporting Files */,
			);
			path = iterator_pattern;
			sourceTree = "<group>";
		};
		81E375A71D756F9D00E4B68F /* Supporting Files */ = {
			isa = PBXGroup;
			children = (
				81E375A81D756F9D00E4B68F /* main.m */,
			);
			name = "Supporting Files";
			sourceTree = "<group>";
		};
		81E375BE1D756FA800E4B68F /* Model */ = {
			isa = PBXGroup;
			children = (
				81E375D21D75BFC000E4B68F /* Collection Iterator */,
				81E375BF1D756FCB00E4B68F /* ItemInShop.h */,
				81E375C01D756FCB00E4B68F /* ItemInShop.m */,
				81E375C21D7571CD00E4B68F /* ShopWarehouse.h */,
				81E375C31D7571CD00E4B68F /* ShopWarehouse.m */,
				81E375C81D75739A00E4B68F /* BasicEnumerator.h */,
				81E375C91D75739A00E4B68F /* BasicEnumerator.m */,
				81E375CB1D7574F900E4B68F /* BadItemsEnumerator.h */,
				81E375CC1D7574F900E4B68F /* BadItemsEnumerator.m */,
				81E375CE1D7578AD00E4B68F /* GoodItemsEnumerator.h */,
				81E375CF1D7578AD00E4B68F /* GoodItemsEnumerator.m */,
			);
			name = Model;
			sourceTree = "<group>";
		};
		81E375D21D75BFC000E4B68F /* Collection Iterator */ = {
			isa = PBXGroup;
			children = (
				81E375D31D75BFF000E4B68F /* CollectionIterator.h */,
				81E375D41D75BFF000E4B68F /* CollectionIterator.m */,
				81E375DB1D75D11F00E4B68F /* ShopWarehouse+ShopWarehouseCollection.h */,
				81E375DC1D75D11F00E4B68F /* ShopWarehouse+ShopWarehouseCollection.m */,
			);
			name = "Collection Iterator";
			sourceTree = "<group>";
		};
/* End PBXGroup section */

/* Begin PBXNativeTarget section */
		81E375A31D756F9D00E4B68F /* iterator_pattern */ = {
			isa = PBXNativeTarget;
			buildConfigurationList = 81E375BB1D756F9D00E4B68F /* Build configuration list for PBXNativeTarget "iterator_pattern" */;
			buildPhases = (
				81E375A01D756F9D00E4B68F /* Sources */,
				81E375A11D756F9D00E4B68F /* Frameworks */,
				81E375A21D756F9D00E4B68F /* Resources */,
			);
			buildRules = (
			);
			dependencies = (
			);
			name = iterator_pattern;
			productName = iterator_pattern;
			productReference = 81E375A41D756F9D00E4B68F /* iterator_pattern.app */;
			productType = "com.apple.product-type.application";
		};
/* End PBXNativeTarget section */

/* Begin PBXProject section */
		81E3759C1D756F9D00E4B68F /* Project object */ = {
			isa = PBXProject;
			attributes = {
				LastUpgradeCheck = 0730;
				ORGANIZATIONNAME = "Dmitriy Arkhipov";
				TargetAttributes = {
					81E375A31D756F9D00E4B68F = {
						CreatedOnToolsVersion = 7.3.1;
					};
				};
			};
			buildConfigurationList = 81E3759F1D756F9D00E4B68F /* Build configuration list for PBXProject "iterator_pattern" */;
			compatibilityVersion = "Xcode 3.2";
			developmentRegion = English;
			hasScannedForEncodings = 0;
			knownRegions = (
				en,
				Base,
			);
			mainGroup = 81E3759B1D756F9D00E4B68F;
			productRefGroup = 81E375A51D756F9D00E4B68F /* Products */;
			projectDirPath = "";
			projectRoot = "";
			targets = (
				81E375A31D756F9D00E4B68F /* iterator_pattern */,
			);
		};
/* End PBXProject section */

/* Begin PBXResourcesBuildPhase section */
		81E375A21D756F9D00E4B68F /* Resources */ = {
			isa = PBXResourcesBuildPhase;
			buildActionMask = 2147483647;
			files = (
				81E375B71D756F9D00E4B68F /* LaunchScreen.storyboard in Resources */,
				81E375B41D756F9D00E4B68F /* Assets.xcassets in Resources */,
				81E375B21D756F9D00E4B68F /* Main.storyboard in Resources */,
			);
			runOnlyForDeploymentPostprocessing = 0;
		};
/* End PBXResourcesBuildPhase section */

/* Begin PBXSourcesBuildPhase section */
		81E375A01D756F9D00E4B68F /* Sources */ = {
			isa = PBXSourcesBuildPhase;
			buildActionMask = 2147483647;
			files = (
				81E375AF1D756F9D00E4B68F /* ViewController.m in Sources */,
				81E375D51D75BFF000E4B68F /* CollectionIterator.m in Sources */,
				81E375AC1D756F9D00E4B68F /* AppDelegate.m in Sources */,
				81E375CA1D75739A00E4B68F /* BasicEnumerator.m in Sources */,
				81E375D01D7578AD00E4B68F /* GoodItemsEnumerator.m in Sources */,
				81E375DD1D75D11F00E4B68F /* ShopWarehouse+ShopWarehouseCollection.m in Sources */,
				81E375C41D7571CD00E4B68F /* ShopWarehouse.m in Sources */,
				81E375A91D756F9D00E4B68F /* main.m in Sources */,
				81E375CD1D7574F900E4B68F /* BadItemsEnumerator.m in Sources */,
				81E375C11D756FCB00E4B68F /* ItemInShop.m in Sources */,
			);
			runOnlyForDeploymentPostprocessing = 0;
		};
/* End PBXSourcesBuildPhase section */

/* Begin PBXVariantGroup section */
		81E375B01D756F9D00E4B68F /* Main.storyboard */ = {
			isa = PBXVariantGroup;
			children = (
				81E375B11D756F9D00E4B68F /* Base */,
			);
			name = Main.storyboard;
			sourceTree = "<group>";
		};
		81E375B51D756F9D00E4B68F /* LaunchScreen.storyboard */ = {
			isa = PBXVariantGroup;
			children = (
				81E375B61D756F9D00E4B68F /* Base */,
			);
			name = LaunchScreen.storyboard;
			sourceTree = "<group>";
		};
/* End PBXVariantGroup section */

/* Begin XCBuildConfiguration section */
		81E375B91D756F9D00E4B68F /* Debug */ = {
			isa = XCBuildConfiguration;
			buildSettings = {
				ALWAYS_SEARCH_USER_PATHS = NO;
				CLANG_ANALYZER_NONNULL = YES;
				CLANG_CXX_LANGUAGE_STANDARD = "gnu++0x";
				CLANG_CXX_LIBRARY = "libc++";
				CLANG_ENABLE_MODULES = YES;
				CLANG_ENABLE_OBJC_ARC = YES;
				CLANG_WARN_BOOL_CONVERSION = YES;
				CLANG_WARN_CONSTANT_CONVERSION = YES;
				CLANG_WARN_DIRECT_OBJC_ISA_USAGE = YES_ERROR;
				CLANG_WARN_EMPTY_BODY = YES;
				CLANG_WARN_ENUM_CONVERSION = YES;
				CLANG_WARN_INT_CONVERSION = YES;
				CLANG_WARN_OBJC_ROOT_CLASS = YES_ERROR;
				CLANG_WARN_UNREACHABLE_CODE = YES;
				CLANG_WARN__DUPLICATE_METHOD_MATCH = YES;
				"CODE_SIGN_IDENTITY[sdk=iphoneos*]" = "iPhone Developer";
				COPY_PHASE_STRIP = NO;
				DEBUG_INFORMATION_FORMAT = dwarf;
				ENABLE_STRICT_OBJC_MSGSEND = YES;
				ENABLE_TESTABILITY = YES;
				GCC_C_LANGUAGE_STANDARD = gnu99;
				GCC_DYNAMIC_NO_PIC = NO;
				GCC_NO_COMMON_BLOCKS = YES;
				GCC_OPTIMIZATION_LEVEL = 0;
				GCC_PREPROCESSOR_DEFINITIONS = (
					"DEBUG=1",
					"$(inherited)",
				);
				GCC_WARN_64_TO_32_BIT_CONVERSION = YES;
				GCC_WARN_ABOUT_RETURN_TYPE = YES_ERROR;
				GCC_WARN_UNDECLARED_SELECTOR = YES;
				GCC_WARN_UNINITIALIZED_AUTOS = YES_AGGRESSIVE;
				GCC_WARN_UNUSED_FUNCTION = YES;
				GCC_WARN_UNUSED_VARIABLE = YES;
				IPHONEOS_DEPLOYMENT_TARGET = 9.3;
				MTL_ENABLE_DEBUG_INFO = YES;
				ONLY_ACTIVE_ARCH = YES;
				SDKROOT = iphoneos;
				TARGETED_DEVICE_FAMILY = "1,2";
			};
			name = Debug;
		};
		81E375BA1D756F9D00E4B68F /* Release */ = {
			isa = XCBuildConfiguration;
			buildSettings = {
				ALWAYS_SEARCH_USER_PATHS = NO;
				CLANG_ANALYZER_NONNULL = YES;
				CLANG_CXX_LANGUAGE_STANDARD = "gnu++0x";
				CLANG_CXX_LIBRARY = "libc++";
				CLANG_ENABLE_MODULES = YES;
				CLANG_ENABLE_OBJC_ARC = YES;
				CLANG_WARN_BOOL_CONVERSION = YES;
				CLANG_WARN_CONSTANT_CONVERSION = YES;
				CLANG_WARN_DIRECT_OBJC_ISA_USAGE = YES_ERROR;
				CLANG_WARN_EMPTY_BODY = YES;
				CLANG_WARN_ENUM_CONVERSION = YES;
				CLANG_WARN_INT_CONVERSION = YES;
				CLANG_WARN_OBJC_ROOT_CLASS = YES_ERROR;
				CLANG_WARN_UNREACHABLE_CODE = YES;
				CLANG_WARN__DUPLICATE_METHOD_MATCH = YES;
				"CODE_SIGN_IDENTITY[sdk=iphoneos*]" = "iPhone Developer";
				COPY_PHASE_STRIP = NO;
				DEBUG_INFORMATION_FORMAT = "dwarf-with-dsym";
				ENABLE_NS_ASSERTIONS = NO;
				ENABLE_STRICT_OBJC_MSGSEND = YES;
				GCC_C_LANGUAGE_STANDARD = gnu99;
				GCC_NO_COMMON_BLOCKS = YES;
				GCC_WARN_64_TO_32_BIT_CONVERSION = YES;
				GCC_WARN_ABOUT_RETURN_TYPE = YES_ERROR;
				GCC_WARN_UNDECLARED_SELECTOR = YES;
				GCC_WARN_UNINITIALIZED_AUTOS = YES_AGGRESSIVE;
				GCC_WARN_UNUSED_FUNCTION = YES;
				GCC_WARN_UNUSED_VARIABLE = YES;
				IPHONEOS_DEPLOYMENT_TARGET = 9.3;
				MTL_ENABLE_DEBUG_INFO = NO;
				SDKROOT = iphoneos;
				TARGETED_DEVICE_FAMILY = "1,2";
				VALIDATE_PRODUCT = YES;
			};
			name = Release;
		};
		81E375BC1D756F9D00E4B68F /* Debug */ = {
			isa = XCBuildConfiguration;
			buildSettings = {
				ASSETCATALOG_COMPILER_APPICON_NAME = AppIcon;
				INFOPLIST_FILE = iterator_pattern/Info.plist;
				LD_RUNPATH_SEARCH_PATHS = "$(inherited) @executable_path/Frameworks";
				PRODUCT_BUNDLE_IDENTIFIER = "com.dmitriyarkhipov.iterator-pattern";
				PRODUCT_NAME = "$(TARGET_NAME)";
			};
			name = Debug;
		};
		81E375BD1D756F9D00E4B68F /* Release */ = {
			isa = XCBuildConfiguration;
			buildSettings = {
				ASSETCATALOG_COMPILER_APPICON_NAME = AppIcon;
				INFOPLIST_FILE = iterator_pattern/Info.plist;
				LD_RUNPATH_SEARCH_PATHS = "$(inherited) @executable_path/Frameworks";
				PRODUCT_BUNDLE_IDENTIFIER = "com.dmitriyarkhipov.iterator-pattern";
				PRODUCT_NAME = "$(TARGET_NAME)";
			};
			name = Release;
		};
/* End XCBuildConfiguration section */

/* Begin XCConfigurationList section */
		81E3759F1D756F9D00E4B68F /* Build configuration list for PBXProject "iterator_pattern" */ = {
			isa = XCConfigurationList;
			buildConfigurations = (
				81E375B91D756F9D00E4B68F /* Debug */,
				81E375BA1D756F9D00E4B68F /* Release */,
			);
			defaultConfigurationIsVisible = 0;
			defaultConfigurationName = Release;
		};
		81E375BB1D756F9D00E4B68F /* Build configuration list for PBXNativeTarget "iterator_pattern" */ = {
			isa = XCConfigurationList;
			buildConfigurations = (
				81E375BC1D756F9D00E4B68F /* Debug */,
				81E375BD1D756F9D00E4B68F /* Release */,
			);
			defaultConfigurationIsVisible = 0;
			defaultConfigurationName = Release;
		};
/* End XCConfigurationList section */
	};
	rootObject = 81E3759C1D756F9D00E4B68F /* Project object */;
}
